# casting.yaml.lock — Foundry Deployment Lockfile for GuardrailOps
# Generated for SigNoz + MCP Server deployment reproducibility

apiVersion: v1alpha1
kind: Lockfile
metadata:
  name: guardrailops
  generatedAt: "2026-07-24T22:30:00Z"
spec:
  deployment:
    flavor: compose
    mode: docker
  components:
    signoz:
      version: "0.45.0"
      repo: "https://github.com/SigNoz/signoz.git"
    otel-collector:
      version: "0.100.0"
      image: "otel/opentelemetry-collector-contrib:latest"
    mcp-server:
      version: "0.1.0"
      status: "enabled"
